
Microsoft Visual Studio Solution File, Format Version 12.00
# Visual Studio Version 17
VisualStudioVersion = 17.11.35431.28
MinimumVisualStudioVersion = 10.0.40219.1
Project("{FAE04EC0-301F-11D3-BF4B-00C04F79EFBC}") = "Tomaš_Zapocet_SYSPROG", "Tomaš_Zapocet_SYSPROG.csproj", "{DE93E6CC-5406-488A-8FA4-5EFB7C8E5C69}"
EndProject
Global
	GlobalSection(SolutionConfigurationPlatforms) = preSolution
		Debug|Any CPU = Debug|Any CPU
		Release|Any CPU = Release|Any CPU
	EndGlobalSection
	GlobalSection(ProjectConfigurationPlatforms) = postSolution
		{DE93E6CC-5406-488A-8FA4-5EFB7C8E5C69}.Debug|Any CPU.ActiveCfg = Debug|Any CPU
		{DE93E6CC-5406-488A-8FA4-5EFB7C8E5C69}.Debug|Any CPU.Build.0 = Debug|Any CPU
		{DE93E6CC-5406-488A-8FA4-5EFB7C8E5C69}.Release|Any CPU.ActiveCfg = Release|Any CPU
		{DE93E6CC-5406-488A-8FA4-5EFB7C8E5C69}.Release|Any CPU.Build.0 = Release|Any CPU
	EndGlobalSection
	GlobalSection(SolutionProperties) = preSolution
		HideSolutionNode = FALSE
	EndGlobalSection
	GlobalSection(ExtensibilityGlobals) = postSolution
		SolutionGuid = {8E015EFA-533B-46EB-AC99-556F393F83EB}
	EndGlobalSection
EndGlobal
